
Microsoft Visual Studio Solution File, Format Version 12.00
# Visual Studio Version 16
VisualStudioVersion = 16.0.29613.14
MinimumVisualStudioVersion = 10.0.40219.1
Project("{9A19103F-16F7-4668-BE54-9A1E7A4F7556}") = "ApiRest", "ApiRest.csproj", "{5D05FCE5-C0F6-4E96-A753-340E773D8C89}"
EndProject
Project("{FAE04EC0-301F-11D3-BF4B-00C04F79EFBC}") = "Casas", "..\Casas\Casas.csproj", "{783593E9-1D7F-4A00-A3B6-7F5DB121B61C}"
EndProject
Global
	GlobalSection(SolutionConfigurationPlatforms) = preSolution
		Debug|Any CPU = Debug|Any CPU
		Release|Any CPU = Release|Any CPU
	EndGlobalSection
	GlobalSection(ProjectConfigurationPlatforms) = postSolution
		{5D05FCE5-C0F6-4E96-A753-340E773D8C89}.Debug|Any CPU.ActiveCfg = Debug|Any CPU
		{5D05FCE5-C0F6-4E96-A753-340E773D8C89}.Debug|Any CPU.Build.0 = Debug|Any CPU
		{5D05FCE5-C0F6-4E96-A753-340E773D8C89}.Release|Any CPU.ActiveCfg = Release|Any CPU
		{5D05FCE5-C0F6-4E96-A753-340E773D8C89}.Release|Any CPU.Build.0 = Release|Any CPU
		{783593E9-1D7F-4A00-A3B6-7F5DB121B61C}.Debug|Any CPU.ActiveCfg = Debug|Any CPU
		{783593E9-1D7F-4A00-A3B6-7F5DB121B61C}.Debug|Any CPU.Build.0 = Debug|Any CPU
		{783593E9-1D7F-4A00-A3B6-7F5DB121B61C}.Release|Any CPU.ActiveCfg = Release|Any CPU
		{783593E9-1D7F-4A00-A3B6-7F5DB121B61C}.Release|Any CPU.Build.0 = Release|Any CPU
	EndGlobalSection
	GlobalSection(SolutionProperties) = preSolution
		HideSolutionNode = FALSE
	EndGlobalSection
	GlobalSection(ExtensibilityGlobals) = postSolution
		SolutionGuid = {8A129CB1-7383-40A5-86CD-87BDB34889D1}
	EndGlobalSection
EndGlobal
